
Microsoft Visual Studio Solution File, Format Version 12.00
# Visual Studio 15
VisualStudioVersion = 15.0.28010.2016
MinimumVisualStudioVersion = 10.0.40219.1
Project("{FAE04EC0-301F-11D3-BF4B-00C04F79EFBC}") = "Vidly_MVC", "Vidly_MVC\Vidly_MVC.csproj", "{D9D1B696-9B2A-4FC6-B659-559CEFE8CE9B}"
EndProject
Global
	GlobalSection(SolutionConfigurationPlatforms) = preSolution
		Debug|Any CPU = Debug|Any CPU
		Release|Any CPU = Release|Any CPU
	EndGlobalSection
	GlobalSection(ProjectConfigurationPlatforms) = postSolution
		{D9D1B696-9B2A-4FC6-B659-559CEFE8CE9B}.Debug|Any CPU.ActiveCfg = Debug|Any CPU
		{D9D1B696-9B2A-4FC6-B659-559CEFE8CE9B}.Debug|Any CPU.Build.0 = Debug|Any CPU
		{D9D1B696-9B2A-4FC6-B659-559CEFE8CE9B}.Release|Any CPU.ActiveCfg = Release|Any CPU
		{D9D1B696-9B2A-4FC6-B659-559CEFE8CE9B}.Release|Any CPU.Build.0 = Release|Any CPU
	EndGlobalSection
	GlobalSection(SolutionProperties) = preSolution
		HideSolutionNode = FALSE
	EndGlobalSection
	GlobalSection(ExtensibilityGlobals) = postSolution
		SolutionGuid = {9127A9A0-C59F-4F6F-9A73-07687A77D362}
	EndGlobalSection
EndGlobal
